{
  "name": "scripts",
  "version": "1.0.0",
  "lockfileVersion": 2,
  "requires": true,
  "packages": {
    "": {
      "name": "scripts",
      "version": "1.0.0",
      "license": "ISC",
      "dependencies": {
        "types-for-adobe": "github:pravdomil/types-for-adobe"
      }
    },
    "node_modules/types-for-adobe": {
      "version": "7.0.5",
      "resolved": "git+ssh://git@github.com/pravdomil/types-for-adobe.git#b7c06b18f819a497ade098c9d76c78fb0065890e",
      "license": "MIT"
    }
  },
  "dependencies": {
    "types-for-adobe": {
      "version": "git+ssh://git@github.com/pravdomil/types-for-adobe.git#b7c06b18f819a497ade098c9d76c78fb0065890e",
      "from": "types-for-adobe@pravdomil/types-for-adobe"
    }
  }
}
